PODS:
  - chat_ai_openai_realtime_voice (0.1.0):
    - Flutter
    - flutter_webrtc
    - WebRTC-SDK
  - Flutter (1.0.0)
  - flutter_webrtc (1.4.0):
    - Flutter
    - WebRTC-SDK (= 144.7559.09)
  - WebRTC-SDK (144.7559.09)

DEPENDENCIES:
  - chat_ai_openai_realtime_voice (from `.symlinks/plugins/chat_ai_openai_realtime_voice/ios`)
  - Flutter (from `Flutter`)
  - flutter_webrtc (from `.symlinks/plugins/flutter_webrtc/ios`)

SPEC REPOS:
  trunk:
    - WebRTC-SDK

EXTERNAL SOURCES:
  chat_ai_openai_realtime_voice:
    :path: ".symlinks/plugins/chat_ai_openai_realtime_voice/ios"
  Flutter:
    :path: Flutter
  flutter_webrtc:
    :path: ".symlinks/plugins/flutter_webrtc/ios"

SPEC CHECKSUMS:
  chat_ai_openai_realtime_voice: 1f44fb5d171b2140625f9e571f653612477aa7ac
  Flutter: cabc95a1d2626b1b06e7179b784ebcf0c0cde467
  flutter_webrtc: ea1e854207d820fc0538ffa5632eb1e9193b0efc
  WebRTC-SDK: e6006119cd730d6315d875e4a421b6cc8bb88833

PODFILE CHECKSUM: 3c63482e143d1b91d2d2560aee9fb04ecc74ac7e

COCOAPODS: 1.16.2
